
Microsoft Visual Studio Solution File, Format Version 12.00
# Visual Studio Version 16
VisualStudioVersion = 16.0.30114.105
MinimumVisualStudioVersion = 10.0.40219.1
Project("{2150E333-8FDC-42A3-9474-1A3956D46DE8}") = "src", "src", "{F2D85002-6872-4B62-9939-3F072E31C080}"
EndProject
Project("{FAE04EC0-301F-11D3-BF4B-00C04F79EFBC}") = "Manager.Domain", "src\Manager.Domain\Manager.Domain.csproj", "{DA6BC1C6-A826-4924-BA14-8EF5EC8E1C20}"
EndProject
Project("{FAE04EC0-301F-11D3-BF4B-00C04F79EFBC}") = "Manager.API", "src\Manager.API\Manager.API.csproj", "{229413F8-16BE-4A98-ABCF-C9F4721428ED}"
EndProject
Project("{FAE04EC0-301F-11D3-BF4B-00C04F79EFBC}") = "Manager.Services", "src\Manager.Services\Manager.Services.csproj", "{7BB33CFC-D15F-4FB3-BDC4-DCD4CE0DC594}"
EndProject
Project("{FAE04EC0-301F-11D3-BF4B-00C04F79EFBC}") = "Manager.Infra", "src\Manager.Infra\Manager.Infra.csproj", "{4840C0C4-B0D9-4590-AA40-340B65951585}"
EndProject
Project("{FAE04EC0-301F-11D3-BF4B-00C04F79EFBC}") = "Manager.Core", "src\Manager.Core\Manager.Core.csproj", "{14A80B0E-FBA7-4496-AF0B-DAA9654AF34C}"
EndProject
Project("{FAE04EC0-301F-11D3-BF4B-00C04F79EFBC}") = "Manager.Tests", "src\Manager.Tests\Manager.Tests.csproj", "{2B6A8E7E-2549-496B-9458-B0AC510735A9}"
EndProject
Project("{FAE04EC0-301F-11D3-BF4B-00C04F79EFBC}") = "Manager.Identity", "src\Manager.Identity\Manager.Identity.csproj", "{FCCEC295-F002-4174-B8A9-4720D0B8C656}"
EndProject
Global
	GlobalSection(SolutionConfigurationPlatforms) = preSolution
		Debug|Any CPU = Debug|Any CPU
		Debug|x64 = Debug|x64
		Debug|x86 = Debug|x86
		Release|Any CPU = Release|Any CPU
		Release|x64 = Release|x64
		Release|x86 = Release|x86
	EndGlobalSection
	GlobalSection(SolutionProperties) = preSolution
		HideSolutionNode = FALSE
	EndGlobalSection
	GlobalSection(ProjectConfigurationPlatforms) = postSolution
		{DA6BC1C6-A826-4924-BA14-8EF5EC8E1C20}.Debug|Any CPU.ActiveCfg = Debug|Any CPU
		{DA6BC1C6-A826-4924-BA14-8EF5EC8E1C20}.Debug|Any CPU.Build.0 = Debug|Any CPU
		{DA6BC1C6-A826-4924-BA14-8EF5EC8E1C20}.Debug|x64.ActiveCfg = Debug|Any CPU
		{DA6BC1C6-A826-4924-BA14-8EF5EC8E1C20}.Debug|x64.Build.0 = Debug|Any CPU
		{DA6BC1C6-A826-4924-BA14-8EF5EC8E1C20}.Debug|x86.ActiveCfg = Debug|Any CPU
		{DA6BC1C6-A826-4924-BA14-8EF5EC8E1C20}.Debug|x86.Build.0 = Debug|Any CPU
		{DA6BC1C6-A826-4924-BA14-8EF5EC8E1C20}.Release|Any CPU.ActiveCfg = Release|Any CPU
		{DA6BC1C6-A826-4924-BA14-8EF5EC8E1C20}.Release|Any CPU.Build.0 = Release|Any CPU
		{DA6BC1C6-A826-4924-BA14-8EF5EC8E1C20}.Release|x64.ActiveCfg = Release|Any CPU
		{DA6BC1C6-A826-4924-BA14-8EF5EC8E1C20}.Release|x64.Build.0 = Release|Any CPU
		{DA6BC1C6-A826-4924-BA14-8EF5EC8E1C20}.Release|x86.ActiveCfg = Release|Any CPU
		{DA6BC1C6-A826-4924-BA14-8EF5EC8E1C20}.Release|x86.Build.0 = Release|Any CPU
		{229413F8-16BE-4A98-ABCF-C9F4721428ED}.Debug|Any CPU.ActiveCfg = Debug|Any CPU
		{229413F8-16BE-4A98-ABCF-C9F4721428ED}.Debug|Any CPU.Build.0 = Debug|Any CPU
		{229413F8-16BE-4A98-ABCF-C9F4721428ED}.Debug|x64.ActiveCfg = Debug|Any CPU
		{229413F8-16BE-4A98-ABCF-C9F4721428ED}.Debug|x64.Build.0 = Debug|Any CPU
		{229413F8-16BE-4A98-ABCF-C9F4721428ED}.Debug|x86.ActiveCfg = Debug|Any CPU
		{229413F8-16BE-4A98-ABCF-C9F4721428ED}.Debug|x86.Build.0 = Debug|Any CPU
		{229413F8-16BE-4A98-ABCF-C9F4721428ED}.Release|Any CPU.ActiveCfg = Release|Any CPU
		{229413F8-16BE-4A98-ABCF-C9F4721428ED}.Release|Any CPU.Build.0 = Release|Any CPU
		{229413F8-16BE-4A98-ABCF-C9F4721428ED}.Release|x64.ActiveCfg = Release|Any CPU
		{229413F8-16BE-4A98-ABCF-C9F4721428ED}.Release|x64.Build.0 = Release|Any CPU
		{229413F8-16BE-4A98-ABCF-C9F4721428ED}.Release|x86.ActiveCfg = Release|Any CPU
		{229413F8-16BE-4A98-ABCF-C9F4721428ED}.Release|x86.Build.0 = Release|Any CPU
		{7BB33CFC-D15F-4FB3-BDC4-DCD4CE0DC594}.Debug|Any CPU.ActiveCfg = Debug|Any CPU
		{7BB33CFC-D15F-4FB3-BDC4-DCD4CE0DC594}.Debug|Any CPU.Build.0 = Debug|Any CPU
		{7BB33CFC-D15F-4FB3-BDC4-DCD4CE0DC594}.Debug|x64.ActiveCfg = Debug|Any CPU
		{7BB33CFC-D15F-4FB3-BDC4-DCD4CE0DC594}.Debug|x64.Build.0 = Debug|Any CPU
		{7BB33CFC-D15F-4FB3-BDC4-DCD4CE0DC594}.Debug|x86.ActiveCfg = Debug|Any CPU
		{7BB33CFC-D15F-4FB3-BDC4-DCD4CE0DC594}.Debug|x86.Build.0 = Debug|Any CPU
		{7BB33CFC-D15F-4FB3-BDC4-DCD4CE0DC594}.Release|Any CPU.ActiveCfg = Release|Any CPU
		{7BB33CFC-D15F-4FB3-BDC4-DCD4CE0DC594}.Release|Any CPU.Build.0 = Release|Any CPU
		{7BB33CFC-D15F-4FB3-BDC4-DCD4CE0DC594}.Release|x64.ActiveCfg = Release|Any CPU
		{7BB33CFC-D15F-4FB3-BDC4-DCD4CE0DC594}.Release|x64.Build.0 = Release|Any CPU
		{7BB33CFC-D15F-4FB3-BDC4-DCD4CE0DC594}.Release|x86.ActiveCfg = Release|Any CPU
		{7BB33CFC-D15F-4FB3-BDC4-DCD4CE0DC594}.Release|x86.Build.0 = Release|Any CPU
		{4840C0C4-B0D9-4590-AA40-340B65951585}.Debug|Any CPU.ActiveCfg = Debug|Any CPU
		{4840C0C4-B0D9-4590-AA40-340B65951585}.Debug|Any CPU.Build.0 = Debug|Any CPU
		{4840C0C4-B0D9-4590-AA40-340B65951585}.Debug|x64.ActiveCfg = Debug|Any CPU
		{4840C0C4-B0D9-4590-AA40-340B65951585}.Debug|x64.Build.0 = Debug|Any CPU
		{4840C0C4-B0D9-4590-AA40-340B65951585}.Debug|x86.ActiveCfg = Debug|Any CPU
		{4840C0C4-B0D9-4590-AA40-340B65951585}.Debug|x86.Build.0 = Debug|Any CPU
		{4840C0C4-B0D9-4590-AA40-340B65951585}.Release|Any CPU.ActiveCfg = Release|Any CPU
		{4840C0C4-B0D9-4590-AA40-340B65951585}.Release|Any CPU.Build.0 = Release|Any CPU
		{4840C0C4-B0D9-4590-AA40-340B65951585}.Release|x64.ActiveCfg = Release|Any CPU
		{4840C0C4-B0D9-4590-AA40-340B65951585}.Release|x64.Build.0 = Release|Any CPU
		{4840C0C4-B0D9-4590-AA40-340B65951585}.Release|x86.ActiveCfg = Release|Any CPU
		{4840C0C4-B0D9-4590-AA40-340B65951585}.Release|x86.Build.0 = Release|Any CPU
		{14A80B0E-FBA7-4496-AF0B-DAA9654AF34C}.Debug|Any CPU.ActiveCfg = Debug|Any CPU
		{14A80B0E-FBA7-4496-AF0B-DAA9654AF34C}.Debug|Any CPU.Build.0 = Debug|Any CPU
		{14A80B0E-FBA7-4496-AF0B-DAA9654AF34C}.Debug|x64.ActiveCfg = Debug|Any CPU
		{14A80B0E-FBA7-4496-AF0B-DAA9654AF34C}.Debug|x64.Build.0 = Debug|Any CPU
		{14A80B0E-FBA7-4496-AF0B-DAA9654AF34C}.Debug|x86.ActiveCfg = Debug|Any CPU
		{14A80B0E-FBA7-4496-AF0B-DAA9654AF34C}.Debug|x86.Build.0 = Debug|Any CPU
		{14A80B0E-FBA7-4496-AF0B-DAA9654AF34C}.Release|Any CPU.ActiveCfg = Release|Any CPU
		{14A80B0E-FBA7-4496-AF0B-DAA9654AF34C}.Release|Any CPU.Build.0 = Release|Any CPU
		{14A80B0E-FBA7-4496-AF0B-DAA9654AF34C}.Release|x64.ActiveCfg = Release|Any CPU
		{14A80B0E-FBA7-4496-AF0B-DAA9654AF34C}.Release|x64.Build.0 = Release|Any CPU
		{14A80B0E-FBA7-4496-AF0B-DAA9654AF34C}.Release|x86.ActiveCfg = Release|Any CPU
		{14A80B0E-FBA7-4496-AF0B-DAA9654AF34C}.Release|x86.Build.0 = Release|Any CPU
		{2B6A8E7E-2549-496B-9458-B0AC510735A9}.Debug|Any CPU.ActiveCfg = Debug|Any CPU
		{2B6A8E7E-2549-496B-9458-B0AC510735A9}.Debug|Any CPU.Build.0 = Debug|Any CPU
		{2B6A8E7E-2549-496B-9458-B0AC510735A9}.Debug|x64.ActiveCfg = Debug|Any CPU
		{2B6A8E7E-2549-496B-9458-B0AC510735A9}.Debug|x64.Build.0 = Debug|Any CPU
		{2B6A8E7E-2549-496B-9458-B0AC510735A9}.Debug|x86.ActiveCfg = Debug|Any CPU
		{2B6A8E7E-2549-496B-9458-B0AC510735A9}.Debug|x86.Build.0 = Debug|Any CPU
		{2B6A8E7E-2549-496B-9458-B0AC510735A9}.Release|Any CPU.ActiveCfg = Release|Any CPU
		{2B6A8E7E-2549-496B-9458-B0AC510735A9}.Release|Any CPU.Build.0 = Release|Any CPU
		{2B6A8E7E-2549-496B-9458-B0AC510735A9}.Release|x64.ActiveCfg = Release|Any CPU
		{2B6A8E7E-2549-496B-9458-B0AC510735A9}.Release|x64.Build.0 = Release|Any CPU
		{2B6A8E7E-2549-496B-9458-B0AC510735A9}.Release|x86.ActiveCfg = Release|Any CPU
		{2B6A8E7E-2549-496B-9458-B0AC510735A9}.Release|x86.Build.0 = Release|Any CPU
		{FCCEC295-F002-4174-B8A9-4720D0B8C656}.Debug|Any CPU.ActiveCfg = Debug|Any CPU
		{FCCEC295-F002-4174-B8A9-4720D0B8C656}.Debug|Any CPU.Build.0 = Debug|Any CPU
		{FCCEC295-F002-4174-B8A9-4720D0B8C656}.Debug|x64.ActiveCfg = Debug|Any CPU
		{FCCEC295-F002-4174-B8A9-4720D0B8C656}.Debug|x64.Build.0 = Debug|Any CPU
		{FCCEC295-F002-4174-B8A9-4720D0B8C656}.Debug|x86.ActiveCfg = Debug|Any CPU
		{FCCEC295-F002-4174-B8A9-4720D0B8C656}.Debug|x86.Build.0 = Debug|Any CPU
		{FCCEC295-F002-4174-B8A9-4720D0B8C656}.Release|Any CPU.ActiveCfg = Release|Any CPU
		{FCCEC295-F002-4174-B8A9-4720D0B8C656}.Release|Any CPU.Build.0 = Release|Any CPU
		{FCCEC295-F002-4174-B8A9-4720D0B8C656}.Release|x64.ActiveCfg = Release|Any CPU
		{FCCEC295-F002-4174-B8A9-4720D0B8C656}.Release|x64.Build.0 = Release|Any CPU
		{FCCEC295-F002-4174-B8A9-4720D0B8C656}.Release|x86.ActiveCfg = Release|Any CPU
		{FCCEC295-F002-4174-B8A9-4720D0B8C656}.Release|x86.Build.0 = Release|Any CPU
	EndGlobalSection
	GlobalSection(NestedProjects) = preSolution
		{DA6BC1C6-A826-4924-BA14-8EF5EC8E1C20} = {F2D85002-6872-4B62-9939-3F072E31C080}
		{229413F8-16BE-4A98-ABCF-C9F4721428ED} = {F2D85002-6872-4B62-9939-3F072E31C080}
		{7BB33CFC-D15F-4FB3-BDC4-DCD4CE0DC594} = {F2D85002-6872-4B62-9939-3F072E31C080}
		{4840C0C4-B0D9-4590-AA40-340B65951585} = {F2D85002-6872-4B62-9939-3F072E31C080}
		{14A80B0E-FBA7-4496-AF0B-DAA9654AF34C} = {F2D85002-6872-4B62-9939-3F072E31C080}
		{2B6A8E7E-2549-496B-9458-B0AC510735A9} = {F2D85002-6872-4B62-9939-3F072E31C080}
		{FCCEC295-F002-4174-B8A9-4720D0B8C656} = {F2D85002-6872-4B62-9939-3F072E31C080}
	EndGlobalSection
EndGlobal
